
Microsoft Visual Studio Solution File, Format Version 12.00
# Visual Studio Version 16
VisualStudioVersion = 16.0.31005.135
MinimumVisualStudioVersion = 10.0.40219.1
Project("{FAE04EC0-301F-11D3-BF4B-00C04F79EFBC}") = "ImagesFilter", "ImagesFilter\ImagesFilter.csproj", "{D910D1BE-240D-4BF2-9438-E9BCE91AD981}"
EndProject
Global
	GlobalSection(SolutionConfigurationPlatforms) = preSolution
		Debug|Any CPU = Debug|Any CPU
		Release|Any CPU = Release|Any CPU
	EndGlobalSection
	GlobalSection(ProjectConfigurationPlatforms) = postSolution
		{D910D1BE-240D-4BF2-9438-E9BCE91AD981}.Debug|Any CPU.ActiveCfg = Debug|Any CPU
		{D910D1BE-240D-4BF2-9438-E9BCE91AD981}.Debug|Any CPU.Build.0 = Debug|Any CPU
		{D910D1BE-240D-4BF2-9438-E9BCE91AD981}.Release|Any CPU.ActiveCfg = Release|Any CPU
		{D910D1BE-240D-4BF2-9438-E9BCE91AD981}.Release|Any CPU.Build.0 = Release|Any CPU
	EndGlobalSection
	GlobalSection(SolutionProperties) = preSolution
		HideSolutionNode = FALSE
	EndGlobalSection
	GlobalSection(ExtensibilityGlobals) = postSolution
		SolutionGuid = {F4BCA993-0334-4DA8-BC0B-52D17BC8C810}
	EndGlobalSection
EndGlobal
